
Microsoft Visual Studio Solution File, Format Version 12.00
# Visual Studio Version 17
VisualStudioVersion = 17.11.35312.102
MinimumVisualStudioVersion = 10.0.40219.1
Project("{FAE04EC0-301F-11D3-BF4B-00C04F79EFBC}") = "objectorienteddemo", "objectorienteddemo\objectorienteddemo.csproj", "{AABCA135-B280-45C4-98DC-2DF892E701B7}"
	ProjectSection(ProjectDependencies) = postProject
		{12CF2828-52D2-43D9-A1E7-15DB3F958A60} = {12CF2828-52D2-43D9-A1E7-15DB3F958A60}
	EndProjectSection
EndProject
Project("{FAE04EC0-301F-11D3-BF4B-00C04F79EFBC}") = "EMSModel", "EMSModel\EMSModel.csproj", "{12CF2828-52D2-43D9-A1E7-15DB3F958A60}"
EndProject
Global
	GlobalSection(SolutionConfigurationPlatforms) = preSolution
		Debug|Any CPU = Debug|Any CPU
		Release|Any CPU = Release|Any CPU
	EndGlobalSection
	GlobalSection(ProjectConfigurationPlatforms) = postSolution
		{AABCA135-B280-45C4-98DC-2DF892E701B7}.Debug|Any CPU.ActiveCfg = Debug|Any CPU
		{AABCA135-B280-45C4-98DC-2DF892E701B7}.Debug|Any CPU.Build.0 = Debug|Any CPU
		{AABCA135-B280-45C4-98DC-2DF892E701B7}.Release|Any CPU.ActiveCfg = Release|Any CPU
		{AABCA135-B280-45C4-98DC-2DF892E701B7}.Release|Any CPU.Build.0 = Release|Any CPU
		{12CF2828-52D2-43D9-A1E7-15DB3F958A60}.Debug|Any CPU.ActiveCfg = Debug|Any CPU
		{12CF2828-52D2-43D9-A1E7-15DB3F958A60}.Debug|Any CPU.Build.0 = Debug|Any CPU
		{12CF2828-52D2-43D9-A1E7-15DB3F958A60}.Release|Any CPU.ActiveCfg = Release|Any CPU
		{12CF2828-52D2-43D9-A1E7-15DB3F958A60}.Release|Any CPU.Build.0 = Release|Any CPU
	EndGlobalSection
	GlobalSection(SolutionProperties) = preSolution
		HideSolutionNode = FALSE
	EndGlobalSection
	GlobalSection(ExtensibilityGlobals) = postSolution
		SolutionGuid = {0E86C291-C761-4FA7-91F8-BB63C3C56AD7}
	EndGlobalSection
EndGlobal
