
Microsoft Visual Studio Solution File, Format Version 12.00
# Visual Studio Version 17
VisualStudioVersion = 17.11.35312.102
MinimumVisualStudioVersion = 10.0.40219.1
Project("{FAE04EC0-301F-11D3-BF4B-00C04F79EFBC}") = "practice", "practice\practice.csproj", "{F848DF33-5C79-46E2-8B25-41E8981CDA21}"
EndProject
Global
	GlobalSection(SolutionConfigurationPlatforms) = preSolution
		Debug|Any CPU = Debug|Any CPU
		Release|Any CPU = Release|Any CPU
	EndGlobalSection
	GlobalSection(ProjectConfigurationPlatforms) = postSolution
		{F848DF33-5C79-46E2-8B25-41E8981CDA21}.Debug|Any CPU.ActiveCfg = Debug|Any CPU
		{F848DF33-5C79-46E2-8B25-41E8981CDA21}.Debug|Any CPU.Build.0 = Debug|Any CPU
		{F848DF33-5C79-46E2-8B25-41E8981CDA21}.Release|Any CPU.ActiveCfg = Release|Any CPU
		{F848DF33-5C79-46E2-8B25-41E8981CDA21}.Release|Any CPU.Build.0 = Release|Any CPU
	EndGlobalSection
	GlobalSection(SolutionProperties) = preSolution
		HideSolutionNode = FALSE
	EndGlobalSection
	GlobalSection(ExtensibilityGlobals) = postSolution
		SolutionGuid = {CC17211B-EA55-4114-A931-395709503A30}
	EndGlobalSection
EndGlobal
