
Microsoft Visual Studio Solution File, Format Version 12.00
# Visual Studio Version 17
VisualStudioVersion = 17.11.35327.3
MinimumVisualStudioVersion = 10.0.40219.1
Project("{FAE04EC0-301F-11D3-BF4B-00C04F79EFBC}") = "DemoWebApi", "DemoWebApi.csproj", "{04565031-072F-4DBC-8E5C-7566B395D2D4}"
EndProject
Global
	GlobalSection(SolutionConfigurationPlatforms) = preSolution
		Debug|Any CPU = Debug|Any CPU
		Release|Any CPU = Release|Any CPU
	EndGlobalSection
	GlobalSection(ProjectConfigurationPlatforms) = postSolution
		{04565031-072F-4DBC-8E5C-7566B395D2D4}.Debug|Any CPU.ActiveCfg = Debug|Any CPU
		{04565031-072F-4DBC-8E5C-7566B395D2D4}.Debug|Any CPU.Build.0 = Debug|Any CPU
		{04565031-072F-4DBC-8E5C-7566B395D2D4}.Release|Any CPU.ActiveCfg = Release|Any CPU
		{04565031-072F-4DBC-8E5C-7566B395D2D4}.Release|Any CPU.Build.0 = Release|Any CPU
	EndGlobalSection
	GlobalSection(SolutionProperties) = preSolution
		HideSolutionNode = FALSE
	EndGlobalSection
	GlobalSection(ExtensibilityGlobals) = postSolution
		SolutionGuid = {E592EB08-F1CC-407E-8CC9-BDDE97654ABC}
	EndGlobalSection
EndGlobal
