
Microsoft Visual Studio Solution File, Format Version 12.00
# Visual Studio Version 17
VisualStudioVersion = 17.11.35312.102
MinimumVisualStudioVersion = 10.0.40219.1
Project("{FAE04EC0-301F-11D3-BF4B-00C04F79EFBC}") = "CourierManagmentApp", "CourierManagmentApp\CourierManagmentApp.csproj", "{14EF8C4B-8383-4CAF-9A34-028775294F8C}"
EndProject
Project("{FAE04EC0-301F-11D3-BF4B-00C04F79EFBC}") = "Entities", "Entities\Entities.csproj", "{5295257F-FB28-41CF-BEC5-385113A746B6}"
EndProject
Project("{FAE04EC0-301F-11D3-BF4B-00C04F79EFBC}") = "DOA", "DOA\DOA.csproj", "{05815B2F-2E7B-4D7D-B8C4-360D7C4CC370}"
EndProject
Project("{FAE04EC0-301F-11D3-BF4B-00C04F79EFBC}") = "Task1", "ConsoleApp1\Task1.csproj", "{E88D43B8-B1BD-4FF2-BECF-9F1C59995418}"
EndProject
Project("{FAE04EC0-301F-11D3-BF4B-00C04F79EFBC}") = "Task2", "Task2\Task2.csproj", "{80E096AC-E757-4B67-B145-3AF19C23920C}"
EndProject
Project("{FAE04EC0-301F-11D3-BF4B-00C04F79EFBC}") = "Task3", "Task3\Task3.csproj", "{B31C9634-0FFD-482D-A472-D9E806C58E24}"
EndProject
Project("{FAE04EC0-301F-11D3-BF4B-00C04F79EFBC}") = "Task4", "Task4\Task4.csproj", "{6A1E7F66-D10A-423E-A6B8-7635A81ABDC7}"
EndProject
Project("{FAE04EC0-301F-11D3-BF4B-00C04F79EFBC}") = "Exceptionlib", "Exception\Exceptionlib.csproj", "{D8055F54-488C-4F48-8CB3-159213554017}"
EndProject
Project("{FAE04EC0-301F-11D3-BF4B-00C04F79EFBC}") = "Util", "Util\Util.csproj", "{0A902C71-1CFE-4805-9467-65BD1101F7C3}"
EndProject
Project("{2150E333-8FDC-42A3-9474-1A3956D46DE8}") = "Solution Items", "Solution Items", "{41895A7B-541D-4AFA-9582-E1384610DE10}"
	ProjectSection(SolutionItems) = preProject
		appsettings.json = appsettings.json
	EndProjectSection
EndProject
Global
	GlobalSection(SolutionConfigurationPlatforms) = preSolution
		Debug|Any CPU = Debug|Any CPU
		Release|Any CPU = Release|Any CPU
	EndGlobalSection
	GlobalSection(ProjectConfigurationPlatforms) = postSolution
		{14EF8C4B-8383-4CAF-9A34-028775294F8C}.Debug|Any CPU.ActiveCfg = Debug|Any CPU
		{14EF8C4B-8383-4CAF-9A34-028775294F8C}.Debug|Any CPU.Build.0 = Debug|Any CPU
		{14EF8C4B-8383-4CAF-9A34-028775294F8C}.Release|Any CPU.ActiveCfg = Release|Any CPU
		{14EF8C4B-8383-4CAF-9A34-028775294F8C}.Release|Any CPU.Build.0 = Release|Any CPU
		{5295257F-FB28-41CF-BEC5-385113A746B6}.Debug|Any CPU.ActiveCfg = Debug|Any CPU
		{5295257F-FB28-41CF-BEC5-385113A746B6}.Debug|Any CPU.Build.0 = Debug|Any CPU
		{5295257F-FB28-41CF-BEC5-385113A746B6}.Release|Any CPU.ActiveCfg = Release|Any CPU
		{5295257F-FB28-41CF-BEC5-385113A746B6}.Release|Any CPU.Build.0 = Release|Any CPU
		{05815B2F-2E7B-4D7D-B8C4-360D7C4CC370}.Debug|Any CPU.ActiveCfg = Debug|Any CPU
		{05815B2F-2E7B-4D7D-B8C4-360D7C4CC370}.Debug|Any CPU.Build.0 = Debug|Any CPU
		{05815B2F-2E7B-4D7D-B8C4-360D7C4CC370}.Release|Any CPU.ActiveCfg = Release|Any CPU
		{05815B2F-2E7B-4D7D-B8C4-360D7C4CC370}.Release|Any CPU.Build.0 = Release|Any CPU
		{E88D43B8-B1BD-4FF2-BECF-9F1C59995418}.Debug|Any CPU.ActiveCfg = Debug|Any CPU
		{E88D43B8-B1BD-4FF2-BECF-9F1C59995418}.Debug|Any CPU.Build.0 = Debug|Any CPU
		{E88D43B8-B1BD-4FF2-BECF-9F1C59995418}.Release|Any CPU.ActiveCfg = Release|Any CPU
		{E88D43B8-B1BD-4FF2-BECF-9F1C59995418}.Release|Any CPU.Build.0 = Release|Any CPU
		{80E096AC-E757-4B67-B145-3AF19C23920C}.Debug|Any CPU.ActiveCfg = Debug|Any CPU
		{80E096AC-E757-4B67-B145-3AF19C23920C}.Debug|Any CPU.Build.0 = Debug|Any CPU
		{80E096AC-E757-4B67-B145-3AF19C23920C}.Release|Any CPU.ActiveCfg = Release|Any CPU
		{80E096AC-E757-4B67-B145-3AF19C23920C}.Release|Any CPU.Build.0 = Release|Any CPU
		{B31C9634-0FFD-482D-A472-D9E806C58E24}.Debug|Any CPU.ActiveCfg = Debug|Any CPU
		{B31C9634-0FFD-482D-A472-D9E806C58E24}.Debug|Any CPU.Build.0 = Debug|Any CPU
		{B31C9634-0FFD-482D-A472-D9E806C58E24}.Release|Any CPU.ActiveCfg = Release|Any CPU
		{B31C9634-0FFD-482D-A472-D9E806C58E24}.Release|Any CPU.Build.0 = Release|Any CPU
		{6A1E7F66-D10A-423E-A6B8-7635A81ABDC7}.Debug|Any CPU.ActiveCfg = Debug|Any CPU
		{6A1E7F66-D10A-423E-A6B8-7635A81ABDC7}.Debug|Any CPU.Build.0 = Debug|Any CPU
		{6A1E7F66-D10A-423E-A6B8-7635A81ABDC7}.Release|Any CPU.ActiveCfg = Release|Any CPU
		{6A1E7F66-D10A-423E-A6B8-7635A81ABDC7}.Release|Any CPU.Build.0 = Release|Any CPU
		{D8055F54-488C-4F48-8CB3-159213554017}.Debug|Any CPU.ActiveCfg = Debug|Any CPU
		{D8055F54-488C-4F48-8CB3-159213554017}.Debug|Any CPU.Build.0 = Debug|Any CPU
		{D8055F54-488C-4F48-8CB3-159213554017}.Release|Any CPU.ActiveCfg = Release|Any CPU
		{D8055F54-488C-4F48-8CB3-159213554017}.Release|Any CPU.Build.0 = Release|Any CPU
		{0A902C71-1CFE-4805-9467-65BD1101F7C3}.Debug|Any CPU.ActiveCfg = Debug|Any CPU
		{0A902C71-1CFE-4805-9467-65BD1101F7C3}.Debug|Any CPU.Build.0 = Debug|Any CPU
		{0A902C71-1CFE-4805-9467-65BD1101F7C3}.Release|Any CPU.ActiveCfg = Release|Any CPU
		{0A902C71-1CFE-4805-9467-65BD1101F7C3}.Release|Any CPU.Build.0 = Release|Any CPU
	EndGlobalSection
	GlobalSection(SolutionProperties) = preSolution
		HideSolutionNode = FALSE
	EndGlobalSection
	GlobalSection(ExtensibilityGlobals) = postSolution
		SolutionGuid = {ADA78221-54E2-48CD-8B61-41D0CEE8CE67}
	EndGlobalSection
EndGlobal
