
Microsoft Visual Studio Solution File, Format Version 12.00
# Visual Studio Version 17
VisualStudioVersion = 17.11.35312.102
MinimumVisualStudioVersion = 10.0.40219.1
Project("{FAE04EC0-301F-11D3-BF4B-00C04F79EFBC}") = "Task", "Task\Task.csproj", "{E3864E0C-AB99-4846-ABE3-14312070BA86}"
EndProject
Global
	GlobalSection(SolutionConfigurationPlatforms) = preSolution
		Debug|Any CPU = Debug|Any CPU
		Release|Any CPU = Release|Any CPU
	EndGlobalSection
	GlobalSection(ProjectConfigurationPlatforms) = postSolution
		{E3864E0C-AB99-4846-ABE3-14312070BA86}.Debug|Any CPU.ActiveCfg = Debug|Any CPU
		{E3864E0C-AB99-4846-ABE3-14312070BA86}.Debug|Any CPU.Build.0 = Debug|Any CPU
		{E3864E0C-AB99-4846-ABE3-14312070BA86}.Release|Any CPU.ActiveCfg = Release|Any CPU
		{E3864E0C-AB99-4846-ABE3-14312070BA86}.Release|Any CPU.Build.0 = Release|Any CPU
	EndGlobalSection
	GlobalSection(SolutionProperties) = preSolution
		HideSolutionNode = FALSE
	EndGlobalSection
	GlobalSection(ExtensibilityGlobals) = postSolution
		SolutionGuid = {606EBAF9-0D74-4D26-A81B-873CE81C40A1}
	EndGlobalSection
EndGlobal
